// !$*UTF8*$!
{
	archiveVersion = 1;
	classes = {
	};
	objectVersion = 48;
	objects = {

/* Begin PBXBuildFile section */
		0C07BFC22060D835007F31EC /* UserModel.m in Sources */ = {isa = PBXBuildFile; fileRef = 0C07BFC12060D835007F31EC /* UserModel.m */; };
		0C07BFC52060D88C007F31EC /* UserModelArchiver.m in Sources */ = {isa = PBXBuildFile; fileRef = 0C07BFC42060D88C007F31EC /* UserModelArchiver.m */; };
		0C07BFCB2060D94C007F31EC /* BaseRequest.m in Sources */ = {isa = PBXBuildFile; fileRef = 0C07BFCA2060D94C007F31EC /* BaseRequest.m */; };
		0C07BFD02060E7EE007F31EC /* CustomerTableCell.m in Sources */ = {isa = PBXBuildFile; fileRef = 0C07BFCF2060E7EE007F31EC /* CustomerTableCell.m */; };
		0C07BFD82060FB1C007F31EC /* CustomerTableModel.m in Sources */ = {isa = PBXBuildFile; fileRef = 0C07BFD72060FB1C007F31EC /* CustomerTableModel.m */; };
		0C07C08820610B4D007F31EC /* MMSelectedPath.m in Sources */ = {isa = PBXBuildFile; fileRef = 0C07C04F20610B4D007F31EC /* MMSelectedPath.m */; };
		0C07C08920610B4D007F31EC /* MMSingleItem.m in Sources */ = {isa = PBXBuildFile; fileRef = 0C07C05220610B4D007F31EC /* MMSingleItem.m */; };
		0C07C08A20610B4D007F31EC /* MMItem.m in Sources */ = {isa = PBXBuildFile; fileRef = 0C07C05520610B4D007F31EC /* MMItem.m */; };
		0C07C08B20610B4D007F31EC /* MMCombinationItem.m in Sources */ = {isa = PBXBuildFile; fileRef = 0C07C05820610B4D007F31EC /* MMCombinationItem.m */; };
		0C07C08C20610B4D007F31EC /* MMLayout.m in Sources */ = {isa = PBXBuildFile; fileRef = 0C07C05C20610B4D007F31EC /* MMLayout.m */; };
		0C07C08D20610B4D007F31EC /* MMAlternativeItem.m in Sources */ = {isa = PBXBuildFile; fileRef = 0C07C05D20610B4D007F31EC /* MMAlternativeItem.m */; };
		0C07C08E20610B4D007F31EC /* MMMultiItem.m in Sources */ = {isa = PBXBuildFile; fileRef = 0C07C05F20610B4D007F31EC /* MMMultiItem.m */; };
		0C07C08F20610B4D007F31EC /* MMSingleFitlerView.m in Sources */ = {isa = PBXBuildFile; fileRef = 0C07C06520610B4D007F31EC /* MMSingleFitlerView.m */; };
		0C07C09020610B4D007F31EC /* MMCombineCell.m in Sources */ = {isa = PBXBuildFile; fileRef = 0C07C06720610B4D007F31EC /* MMCombineCell.m */; };
		0C07C09120610B4D007F31EC /* MMHeaderView.m in Sources */ = {isa = PBXBuildFile; fileRef = 0C07C06B20610B4D007F31EC /* MMHeaderView.m */; };
		0C07C09220610B4D007F31EC /* MMCombinationFitlerView.m in Sources */ = {isa = PBXBuildFile; fileRef = 0C07C06C20610B4D007F31EC /* MMCombinationFitlerView.m */; };
		0C07C09320610B4D007F31EC /* MMNormalCell.m in Sources */ = {isa = PBXBuildFile; fileRef = 0C07C06F20610B4D007F31EC /* MMNormalCell.m */; };
		0C07C09420610B4D007F31EC /* MMLeftCell.m in Sources */ = {isa = PBXBuildFile; fileRef = 0C07C07020610B4D007F31EC /* MMLeftCell.m */; };
		0C07C09520610B4D007F31EC /* MMMultiFitlerView.m in Sources */ = {isa = PBXBuildFile; fileRef = 0C07C07220610B4D007F31EC /* MMMultiFitlerView.m */; };
		0C07C09620610B4D007F31EC /* MMBasePopupView.m in Sources */ = {isa = PBXBuildFile; fileRef = 0C07C07520610B4D007F31EC /* MMBasePopupView.m */; };
		0C07C09720610B4D007F31EC /* MMDropDownBox.m in Sources */ = {isa = PBXBuildFile; fileRef = 0C07C07820610B4D007F31EC /* MMDropDownBox.m */; };
		0C07C09820610B4D007F31EC /* MMComBoBoxView.m in Sources */ = {isa = PBXBuildFile; fileRef = 0C07C07B20610B4D007F31EC /* MMComBoBoxView.m */; };
		0C07C09920610B4D007F31EC /* UIView+ComboBoxExtension.m in Sources */ = {isa = PBXBuildFile; fileRef = 0C07C08020610B4D007F31EC /* UIView+ComboBoxExtension.m */; };
		0C07C09A20610B4D007F31EC /* UIColor+ComboBoxExtension.m in Sources */ = {isa = PBXBuildFile; fileRef = 0C07C08320610B4D007F31EC /* UIColor+ComboBoxExtension.m */; };
		0C07C09B20610B4D007F31EC /* pulldown.png in Resources */ = {isa = PBXBuildFile; fileRef = 0C07C08520610B4D007F31EC /* pulldown.png */; };
		0C07C09C20610B4D007F31EC /* list_selected@2x.png in Resources */ = {isa = PBXBuildFile; fileRef = 0C07C08620610B4D007F31EC /* list_selected@2x.png */; };
		0C07C09D20610B4D007F31EC /* pullup.png in Resources */ = {isa = PBXBuildFile; fileRef = 0C07C08720610B4D007F31EC /* pullup.png */; };
		102DF9702057A12B00E1859C /* MessageVC.m in Sources */ = {isa = PBXBuildFile; fileRef = 102DF96F2057A12B00E1859C /* MessageVC.m */; };
		102DF9732057A14300E1859C /* WorkingVC.m in Sources */ = {isa = PBXBuildFile; fileRef = 102DF9722057A14300E1859C /* WorkingVC.m */; };
		102DF9762057A1AE00E1859C /* RoomVC.m in Sources */ = {isa = PBXBuildFile; fileRef = 102DF9752057A1AE00E1859C /* RoomVC.m */; };
		102DF9792057A1DD00E1859C /* CustomerVC.m in Sources */ = {isa = PBXBuildFile; fileRef = 102DF9782057A1DD00E1859C /* CustomerVC.m */; };
		102DF97C2057A20100E1859C /* LoginVC.m in Sources */ = {isa = PBXBuildFile; fileRef = 102DF97B2057A20100E1859C /* LoginVC.m */; };
		102DF97F2057A21300E1859C /* MineVC.m in Sources */ = {isa = PBXBuildFile; fileRef = 102DF97E2057A21300E1859C /* MineVC.m */; };
		105E188B2060E1F50031558D /* CompanyCell.m in Sources */ = {isa = PBXBuildFile; fileRef = 105E188A2060E1F50031558D /* CompanyCell.m */; };
		105E188E2060E21C0031558D /* PeopleCell.m in Sources */ = {isa = PBXBuildFile; fileRef = 105E188D2060E21C0031558D /* PeopleCell.m */; };
		105E18982060EE710031558D /* TagView.m in Sources */ = {isa = PBXBuildFile; fileRef = 105E18972060EE710031558D /* TagView.m */; };
		105E189B20622C870031558D /* singleviewCell.m in Sources */ = {isa = PBXBuildFile; fileRef = 105E189A20622C870031558D /* singleviewCell.m */; };
		105E189F206235690031558D /* RoomDetailVC.m in Sources */ = {isa = PBXBuildFile; fileRef = 105E189E206235690031558D /* RoomDetailVC.m */; };
		1069000D2057974200E11F52 /* BaseViewController.m in Sources */ = {isa = PBXBuildFile; fileRef = 1069FFF72057974100E11F52 /* BaseViewController.m */; };
		1069000E2057974200E11F52 /* CYLTabBarControllerConfig.m in Sources */ = {isa = PBXBuildFile; fileRef = 1069FFFE2057974100E11F52 /* CYLTabBarControllerConfig.m */; };
		1069000F2057974200E11F52 /* CYLTabBarController.m in Sources */ = {isa = PBXBuildFile; fileRef = 106900072057974200E11F52 /* CYLTabBarController.m */; };
		106900102057974200E11F52 /* CYLTabBar.m in Sources */ = {isa = PBXBuildFile; fileRef = 106900092057974200E11F52 /* CYLTabBar.m */; };
		106900112057974200E11F52 /* CYLPlusButton.m in Sources */ = {isa = PBXBuildFile; fileRef = 1069000A2057974200E11F52 /* CYLPlusButton.m */; };
		106900122057974200E11F52 /* UIViewController+CYLTabBarControllerExtention.m in Sources */ = {isa = PBXBuildFile; fileRef = 1069000B2057974200E11F52 /* UIViewController+CYLTabBarControllerExtention.m */; };
		1069FFC6205795BE00E11F52 /* AppDelegate.m in Sources */ = {isa = PBXBuildFile; fileRef = 1069FFC5205795BE00E11F52 /* AppDelegate.m */; };
		1069FFC9205795BE00E11F52 /* ViewController.m in Sources */ = {isa = PBXBuildFile; fileRef = 1069FFC8205795BE00E11F52 /* ViewController.m */; };
		1069FFCC205795BE00E11F52 /* Main.storyboard in Resources */ = {isa = PBXBuildFile; fileRef = 1069FFCA205795BE00E11F52 /* Main.storyboard */; };
		1069FFCE205795BE00E11F52 /* Assets.xcassets in Resources */ = {isa = PBXBuildFile; fileRef = 1069FFCD205795BE00E11F52 /* Assets.xcassets */; };
		1069FFD1205795BE00E11F52 /* LaunchScreen.storyboard in Resources */ = {isa = PBXBuildFile; fileRef = 1069FFCF205795BE00E11F52 /* LaunchScreen.storyboard */; };
		1069FFD4205795BE00E11F52 /* main.m in Sources */ = {isa = PBXBuildFile; fileRef = 1069FFD3205795BE00E11F52 /* main.m */; };
		1069FFDE205795BE00E11F52 /* ___Tests.m in Sources */ = {isa = PBXBuildFile; fileRef = 1069FFDD205795BE00E11F52 /* ___Tests.m */; };
		1069FFE9205795BE00E11F52 /* ___UITests.m in Sources */ = {isa = PBXBuildFile; fileRef = 1069FFE8205795BE00E11F52 /* ___UITests.m */; };
		10B2CAA5205A0D0900E814AC /* RegisterVC.m in Sources */ = {isa = PBXBuildFile; fileRef = 10B2CAA3205A0D0900E814AC /* RegisterVC.m */; };
		10B2CAA8205A0D1300E814AC /* FindPassWordVC.m in Sources */ = {isa = PBXBuildFile; fileRef = 10B2CAA6205A0D1300E814AC /* FindPassWordVC.m */; };
		10B2CAAC205A1DFA00E814AC /* WorkingCell.m in Sources */ = {isa = PBXBuildFile; fileRef = 10B2CAAB205A1DFA00E814AC /* WorkingCell.m */; };
		10B2CAB0205A76FC00E814AC /* MineCell.m in Sources */ = {isa = PBXBuildFile; fileRef = 10B2CAAF205A76FC00E814AC /* MineCell.m */; };
		BF3D5C8D28ABC2D033EBFE3F /* libPods-云渠道.a in Frameworks */ = {isa = PBXBuildFile; fileRef = F9F61246EF35319F3323AE5C /* libPods-云渠道.a */; };
/* End PBXBuildFile section */

/* Begin PBXContainerItemProxy section */
		1069FFDA205795BE00E11F52 /* PBXContainerItemProxy */ = {
			isa = PBXContainerItemProxy;
			containerPortal = 1069FFB9205795BD00E11F52 /* Project object */;
			proxyType = 1;
			remoteGlobalIDString = 1069FFC0205795BD00E11F52;
			remoteInfo = "云渠道";
		};
		1069FFE5205795BE00E11F52 /* PBXContainerItemProxy */ = {
			isa = PBXContainerItemProxy;
			containerPortal = 1069FFB9205795BD00E11F52 /* Project object */;
			proxyType = 1;
			remoteGlobalIDString = 1069FFC0205795BD00E11F52;
			remoteInfo = "云渠道";
		};
/* End PBXContainerItemProxy section */

/* Begin PBXFileReference section */
		0C07BFBF2060AC26007F31EC /* 云渠道.entitlements */ = {isa = PBXFileReference; lastKnownFileType = text.plist.entitlements; path = "云渠道.entitlements"; sourceTree = "<group>"; };
		0C07BFC02060D835007F31EC /* UserModel.h */ = {isa = PBXFileReference; lastKnownFileType = sourcecode.c.h; path = UserModel.h; sourceTree = "<group>"; };
		0C07BFC12060D835007F31EC /* UserModel.m */ = {isa = PBXFileReference; lastKnownFileType = sourcecode.c.objc; path = UserModel.m; sourceTree = "<group>"; };
		0C07BFC32060D88C007F31EC /* UserModelArchiver.h */ = {isa = PBXFileReference; lastKnownFileType = sourcecode.c.h; path = UserModelArchiver.h; sourceTree = "<group>"; };
		0C07BFC42060D88C007F31EC /* UserModelArchiver.m */ = {isa = PBXFileReference; lastKnownFileType = sourcecode.c.objc; path = UserModelArchiver.m; sourceTree = "<group>"; };
		0C07BFC92060D94C007F31EC /* BaseRequest.h */ = {isa = PBXFileReference; lastKnownFileType = sourcecode.c.h; path = BaseRequest.h; sourceTree = "<group>"; };
		0C07BFCA2060D94C007F31EC /* BaseRequest.m */ = {isa = PBXFileReference; lastKnownFileType = sourcecode.c.objc; path = BaseRequest.m; sourceTree = "<group>"; };
		0C07BFCE2060E7EE007F31EC /* CustomerTableCell.h */ = {isa = PBXFileReference; lastKnownFileType = sourcecode.c.h; path = CustomerTableCell.h; sourceTree = "<group>"; };
		0C07BFCF2060E7EE007F31EC /* CustomerTableCell.m */ = {isa = PBXFileReference; lastKnownFileType = sourcecode.c.objc; path = CustomerTableCell.m; sourceTree = "<group>"; };
		0C07BFD62060FB1C007F31EC /* CustomerTableModel.h */ = {isa = PBXFileReference; lastKnownFileType = sourcecode.c.h; path = CustomerTableModel.h; sourceTree = "<group>"; };
		0C07BFD72060FB1C007F31EC /* CustomerTableModel.m */ = {isa = PBXFileReference; lastKnownFileType = sourcecode.c.objc; path = CustomerTableModel.m; sourceTree = "<group>"; };
		0C07C04E20610B4D007F31EC /* MMSelectedPath.h */ = {isa = PBXFileReference; fileEncoding = 4; lastKnownFileType = sourcecode.c.h; path = MMSelectedPath.h; sourceTree = "<group>"; };
		0C07C04F20610B4D007F31EC /* MMSelectedPath.m */ = {isa = PBXFileReference; fileEncoding = 4; lastKnownFileType = sourcecode.c.objc; path = MMSelectedPath.m; sourceTree = "<group>"; };
		0C07C05220610B4D007F31EC /* MMSingleItem.m */ = {isa = PBXFileReference; fileEncoding = 4; lastKnownFileType = sourcecode.c.objc; path = MMSingleItem.m; sourceTree = "<group>"; };
		0C07C05320610B4D007F31EC /* MMSingleItem.h */ = {isa = PBXFileReference; fileEncoding = 4; lastKnownFileType = sourcecode.c.h; path = MMSingleItem.h; sourceTree = "<group>"; };
		0C07C05520610B4D007F31EC /* MMItem.m */ = {isa = PBXFileReference; fileEncoding = 4; lastKnownFileType = sourcecode.c.objc; path = MMItem.m; sourceTree = "<group>"; };
		0C07C05620610B4D007F31EC /* MMItem.h */ = {isa = PBXFileReference; fileEncoding = 4; lastKnownFileType = sourcecode.c.h; path = MMItem.h; sourceTree = "<group>"; };
		0C07C05820610B4D007F31EC /* MMCombinationItem.m */ = {isa = PBXFileReference; fileEncoding = 4; lastKnownFileType = sourcecode.c.objc; path = MMCombinationItem.m; sourceTree = "<group>"; };
		0C07C05920610B4D007F31EC /* MMAlternativeItem.h */ = {isa = PBXFileReference; fileEncoding = 4; lastKnownFileType = sourcecode.c.h; path = MMAlternativeItem.h; sourceTree = "<group>"; };
		0C07C05A20610B4D007F31EC /* MMLayout.h */ = {isa = PBXFileReference; fileEncoding = 4; lastKnownFileType = sourcecode.c.h; path = MMLayout.h; sourceTree = "<group>"; };
		0C07C05B20610B4D007F31EC /* MMCombinationItem.h */ = {isa = PBXFileReference; fileEncoding = 4; lastKnownFileType = sourcecode.c.h; path = MMCombinationItem.h; sourceTree = "<group>"; };
		0C07C05C20610B4D007F31EC /* MMLayout.m */ = {isa = PBXFileReference; fileEncoding = 4; lastKnownFileType = sourcecode.c.objc; path = MMLayout.m; sourceTree = "<group>"; };
		0C07C05D20610B4D007F31EC /* MMAlternativeItem.m */ = {isa = PBXFileReference; fileEncoding = 4; lastKnownFileType = sourcecode.c.objc; path = MMAlternativeItem.m; sourceTree = "<group>"; };
		0C07C05F20610B4D007F31EC /* MMMultiItem.m */ = {isa = PBXFileReference; fileEncoding = 4; lastKnownFileType = sourcecode.c.objc; path = MMMultiItem.m; sourceTree = "<group>"; };
		0C07C06020610B4D007F31EC /* MMMultiItem.h */ = {isa = PBXFileReference; fileEncoding = 4; lastKnownFileType = sourcecode.c.h; path = MMMultiItem.h; sourceTree = "<group>"; };
		0C07C06420610B4D007F31EC /* MMSingleFitlerView.h */ = {isa = PBXFileReference; fileEncoding = 4; lastKnownFileType = sourcecode.c.h; path = MMSingleFitlerView.h; sourceTree = "<group>"; };
		0C07C06520610B4D007F31EC /* MMSingleFitlerView.m */ = {isa = PBXFileReference; fileEncoding = 4; lastKnownFileType = sourcecode.c.objc; path = MMSingleFitlerView.m; sourceTree = "<group>"; };
		0C07C06720610B4D007F31EC /* MMCombineCell.m */ = {isa = PBXFileReference; fileEncoding = 4; lastKnownFileType = sourcecode.c.objc; path = MMCombineCell.m; sourceTree = "<group>"; };
		0C07C06820610B4D007F31EC /* MMHeaderView.h */ = {isa = PBXFileReference; fileEncoding = 4; lastKnownFileType = sourcecode.c.h; path = MMHeaderView.h; sourceTree = "<group>"; };
		0C07C06920610B4D007F31EC /* MMCombinationFitlerView.h */ = {isa = PBXFileReference; fileEncoding = 4; lastKnownFileType = sourcecode.c.h; path = MMCombinationFitlerView.h; sourceTree = "<group>"; };
		0C07C06A20610B4D007F31EC /* MMCombineCell.h */ = {isa = PBXFileReference; fileEncoding = 4; lastKnownFileType = sourcecode.c.h; path = MMCombineCell.h; sourceTree = "<group>"; };
		0C07C06B20610B4D007F31EC /* MMHeaderView.m */ = {isa = PBXFileReference; fileEncoding = 4; lastKnownFileType = sourcecode.c.objc; path = MMHeaderView.m; sourceTree = "<group>"; };
		0C07C06C20610B4D007F31EC /* MMCombinationFitlerView.m */ = {isa = PBXFileReference; fileEncoding = 4; lastKnownFileType = sourcecode.c.objc; path = MMCombinationFitlerView.m; sourceTree = "<group>"; };
		0C07C06E20610B4D007F31EC /* MMMultiFitlerView.h */ = {isa = PBXFileReference; fileEncoding = 4; lastKnownFileType = sourcecode.c.h; path = MMMultiFitlerView.h; sourceTree = "<group>"; };
		0C07C06F20610B4D007F31EC /* MMNormalCell.m */ = {isa = PBXFileReference; fileEncoding = 4; lastKnownFileType = sourcecode.c.objc; path = MMNormalCell.m; sourceTree = "<group>"; };
		0C07C07020610B4D007F31EC /* MMLeftCell.m */ = {isa = PBXFileReference; fileEncoding = 4; lastKnownFileType = sourcecode.c.objc; path = MMLeftCell.m; sourceTree = "<group>"; };
		0C07C07120610B4D007F31EC /* MMNormalCell.h */ = {isa = PBXFileReference; fileEncoding = 4; lastKnownFileType = sourcecode.c.h; path = MMNormalCell.h; sourceTree = "<group>"; };
		0C07C07220610B4D007F31EC /* MMMultiFitlerView.m */ = {isa = PBXFileReference; fileEncoding = 4; lastKnownFileType = sourcecode.c.objc; path = MMMultiFitlerView.m; sourceTree = "<group>"; };
		0C07C07320610B4D007F31EC /* MMLeftCell.h */ = {isa = PBXFileReference; fileEncoding = 4; lastKnownFileType = sourcecode.c.h; path = MMLeftCell.h; sourceTree = "<group>"; };
		0C07C07520610B4D007F31EC /* MMBasePopupView.m */ = {isa = PBXFileReference; fileEncoding = 4; lastKnownFileType = sourcecode.c.objc; path = MMBasePopupView.m; sourceTree = "<group>"; };
		0C07C07620610B4D007F31EC /* MMBasePopupView.h */ = {isa = PBXFileReference; fileEncoding = 4; lastKnownFileType = sourcecode.c.h; path = MMBasePopupView.h; sourceTree = "<group>"; };
		0C07C07820610B4D007F31EC /* MMDropDownBox.m */ = {isa = PBXFileReference; fileEncoding = 4; lastKnownFileType = sourcecode.c.objc; path = MMDropDownBox.m; sourceTree = "<group>"; };
		0C07C07920610B4D007F31EC /* MMComBoBoxView.h */ = {isa = PBXFileReference; fileEncoding = 4; lastKnownFileType = sourcecode.c.h; path = MMComBoBoxView.h; sourceTree = "<group>"; };
		0C07C07A20610B4D007F31EC /* MMDropDownBox.h */ = {isa = PBXFileReference; fileEncoding = 4; lastKnownFileType = sourcecode.c.h; path = MMDropDownBox.h; sourceTree = "<group>"; };
		0C07C07B20610B4D007F31EC /* MMComBoBoxView.m */ = {isa = PBXFileReference; fileEncoding = 4; lastKnownFileType = sourcecode.c.objc; path = MMComBoBoxView.m; sourceTree = "<group>"; };
		0C07C07D20610B4D007F31EC /* MMComboBox.h */ = {isa = PBXFileReference; fileEncoding = 4; lastKnownFileType = sourcecode.c.h; path = MMComboBox.h; sourceTree = "<group>"; };
		0C07C07E20610B4D007F31EC /* MMComboBoxHeader.h */ = {isa = PBXFileReference; fileEncoding = 4; lastKnownFileType = sourcecode.c.h; path = MMComboBoxHeader.h; sourceTree = "<group>"; };
		0C07C08020610B4D007F31EC /* UIView+ComboBoxExtension.m */ = {isa = PBXFileReference; fileEncoding = 4; lastKnownFileType = sourcecode.c.objc; path = "UIView+ComboBoxExtension.m"; sourceTree = "<group>"; };
		0C07C08120610B4D007F31EC /* UIColor+ComboBoxExtension.h */ = {isa = PBXFileReference; fileEncoding = 4; lastKnownFileType = sourcecode.c.h; path = "UIColor+ComboBoxExtension.h"; sourceTree = "<group>"; };
		0C07C08220610B4D007F31EC /* UIView+ComboBoxExtension.h */ = {isa = PBXFileReference; fileEncoding = 4; lastKnownFileType = sourcecode.c.h; path = "UIView+ComboBoxExtension.h"; sourceTree = "<group>"; };
		0C07C08320610B4D007F31EC /* UIColor+ComboBoxExtension.m */ = {isa = PBXFileReference; fileEncoding = 4; lastKnownFileType = sourcecode.c.objc; path = "UIColor+ComboBoxExtension.m"; sourceTree = "<group>"; };
		0C07C08520610B4D007F31EC /* pulldown.png */ = {isa = PBXFileReference; lastKnownFileType = image.png; path = pulldown.png; sourceTree = "<group>"; };
		0C07C08620610B4D007F31EC /* list_selected@2x.png */ = {isa = PBXFileReference; lastKnownFileType = image.png; path = "list_selected@2x.png"; sourceTree = "<group>"; };
		0C07C08720610B4D007F31EC /* pullup.png */ = {isa = PBXFileReference; lastKnownFileType = image.png; path = pullup.png; sourceTree = "<group>"; };
		102DF96E2057A12B00E1859C /* MessageVC.h */ = {isa = PBXFileReference; lastKnownFileType = sourcecode.c.h; path = MessageVC.h; sourceTree = "<group>"; };
		102DF96F2057A12B00E1859C /* MessageVC.m */ = {isa = PBXFileReference; lastKnownFileType = sourcecode.c.objc; path = MessageVC.m; sourceTree = "<group>"; };
		102DF9712057A14300E1859C /* WorkingVC.h */ = {isa = PBXFileReference; lastKnownFileType = sourcecode.c.h; path = WorkingVC.h; sourceTree = "<group>"; };
		102DF9722057A14300E1859C /* WorkingVC.m */ = {isa = PBXFileReference; lastKnownFileType = sourcecode.c.objc; path = WorkingVC.m; sourceTree = "<group>"; };
		102DF9742057A1AE00E1859C /* RoomVC.h */ = {isa = PBXFileReference; lastKnownFileType = sourcecode.c.h; path = RoomVC.h; sourceTree = "<group>"; };
		102DF9752057A1AE00E1859C /* RoomVC.m */ = {isa = PBXFileReference; lastKnownFileType = sourcecode.c.objc; path = RoomVC.m; sourceTree = "<group>"; };
		102DF9772057A1DD00E1859C /* CustomerVC.h */ = {isa = PBXFileReference; lastKnownFileType = sourcecode.c.h; path = CustomerVC.h; sourceTree = "<group>"; };
		102DF9782057A1DD00E1859C /* CustomerVC.m */ = {isa = PBXFileReference; lastKnownFileType = sourcecode.c.objc; path = CustomerVC.m; sourceTree = "<group>"; };
		102DF97A2057A20100E1859C /* LoginVC.h */ = {isa = PBXFileReference; lastKnownFileType = sourcecode.c.h; path = LoginVC.h; sourceTree = "<group>"; };
		102DF97B2057A20100E1859C /* LoginVC.m */ = {isa = PBXFileReference; lastKnownFileType = sourcecode.c.objc; path = LoginVC.m; sourceTree = "<group>"; };
		102DF97D2057A21300E1859C /* MineVC.h */ = {isa = PBXFileReference; lastKnownFileType = sourcecode.c.h; path = MineVC.h; sourceTree = "<group>"; };
		102DF97E2057A21300E1859C /* MineVC.m */ = {isa = PBXFileReference; lastKnownFileType = sourcecode.c.objc; path = MineVC.m; sourceTree = "<group>"; };
		105E18892060E1F50031558D /* CompanyCell.h */ = {isa = PBXFileReference; lastKnownFileType = sourcecode.c.h; path = CompanyCell.h; sourceTree = "<group>"; };
		105E188A2060E1F50031558D /* CompanyCell.m */ = {isa = PBXFileReference; lastKnownFileType = sourcecode.c.objc; path = CompanyCell.m; sourceTree = "<group>"; };
		105E188C2060E21C0031558D /* PeopleCell.h */ = {isa = PBXFileReference; lastKnownFileType = sourcecode.c.h; path = PeopleCell.h; sourceTree = "<group>"; };
		105E188D2060E21C0031558D /* PeopleCell.m */ = {isa = PBXFileReference; lastKnownFileType = sourcecode.c.objc; path = PeopleCell.m; sourceTree = "<group>"; };
		105E18962060EE710031558D /* TagView.h */ = {isa = PBXFileReference; lastKnownFileType = sourcecode.c.h; path = TagView.h; sourceTree = "<group>"; };
		105E18972060EE710031558D /* TagView.m */ = {isa = PBXFileReference; lastKnownFileType = sourcecode.c.objc; path = TagView.m; sourceTree = "<group>"; };
		105E189920622C870031558D /* singleviewCell.h */ = {isa = PBXFileReference; lastKnownFileType = sourcecode.c.h; path = singleviewCell.h; sourceTree = "<group>"; };
		105E189A20622C870031558D /* singleviewCell.m */ = {isa = PBXFileReference; lastKnownFileType = sourcecode.c.objc; path = singleviewCell.m; sourceTree = "<group>"; };
		105E189D206235690031558D /* RoomDetailVC.h */ = {isa = PBXFileReference; lastKnownFileType = sourcecode.c.h; path = RoomDetailVC.h; sourceTree = "<group>"; };
		105E189E206235690031558D /* RoomDetailVC.m */ = {isa = PBXFileReference; lastKnownFileType = sourcecode.c.objc; path = RoomDetailVC.m; sourceTree = "<group>"; };
		106900002057974200E11F52 /* PrefixHeader.h */ = {isa = PBXFileReference; fileEncoding = 4; lastKnownFileType = sourcecode.c.h; path = PrefixHeader.h; sourceTree = "<group>"; };
		106900052057974200E11F52 /* CYLPlusButton.h */ = {isa = PBXFileReference; fileEncoding = 4; lastKnownFileType = sourcecode.c.h; path = CYLPlusButton.h; sourceTree = "<group>"; };
		106900062057974200E11F52 /* CYLTabBar.h */ = {isa = PBXFileReference; fileEncoding = 4; lastKnownFileType = sourcecode.c.h; path = CYLTabBar.h; sourceTree = "<group>"; };
		106900072057974200E11F52 /* CYLTabBarController.m */ = {isa = PBXFileReference; fileEncoding = 4; lastKnownFileType = sourcecode.c.objc; path = CYLTabBarController.m; sourceTree = "<group>"; };
		106900082057974200E11F52 /* UIViewController+CYLTabBarControllerExtention.h */ = {isa = PBXFileReference; fileEncoding = 4; lastKnownFileType = sourcecode.c.h; path = "UIViewController+CYLTabBarControllerExtention.h"; sourceTree = "<group>"; };
		106900092057974200E11F52 /* CYLTabBar.m */ = {isa = PBXFileReference; fileEncoding = 4; lastKnownFileType = sourcecode.c.objc; path = CYLTabBar.m; sourceTree = "<group>"; };
		1069000A2057974200E11F52 /* CYLPlusButton.m */ = {isa = PBXFileReference; fileEncoding = 4; lastKnownFileType = sourcecode.c.objc; path = CYLPlusButton.m; sourceTree = "<group>"; };
		1069000B2057974200E11F52 /* UIViewController+CYLTabBarControllerExtention.m */ = {isa = PBXFileReference; fileEncoding = 4; lastKnownFileType = sourcecode.c.objc; path = "UIViewController+CYLTabBarControllerExtention.m"; sourceTree = "<group>"; };
		1069000C2057974200E11F52 /* CYLTabBarController.h */ = {isa = PBXFileReference; fileEncoding = 4; lastKnownFileType = sourcecode.c.h; path = CYLTabBarController.h; sourceTree = "<group>"; };
		1069FFC1205795BD00E11F52 /* 云渠道.app */ = {isa = PBXFileReference; explicitFileType = wrapper.application; includeInIndex = 0; path = "云渠道.app"; sourceTree = BUILT_PRODUCTS_DIR; };
		1069FFC4205795BE00E11F52 /* AppDelegate.h */ = {isa = PBXFileReference; lastKnownFileType = sourcecode.c.h; path = AppDelegate.h; sourceTree = "<group>"; };
		1069FFC5205795BE00E11F52 /* AppDelegate.m */ = {isa = PBXFileReference; lastKnownFileType = sourcecode.c.objc; path = AppDelegate.m; sourceTree = "<group>"; };
		1069FFC7205795BE00E11F52 /* ViewController.h */ = {isa = PBXFileReference; lastKnownFileType = sourcecode.c.h; path = ViewController.h; sourceTree = "<group>"; };
		1069FFC8205795BE00E11F52 /* ViewController.m */ = {isa = PBXFileReference; lastKnownFileType = sourcecode.c.objc; path = ViewController.m; sourceTree = "<group>"; };
		1069FFCB205795BE00E11F52 /* Base */ = {isa = PBXFileReference; lastKnownFileType = file.storyboard; name = Base; path = Base.lproj/Main.storyboard; sourceTree = "<group>"; };
		1069FFCD205795BE00E11F52 /* Assets.xcassets */ = {isa = PBXFileReference; lastKnownFileType = folder.assetcatalog; path = Assets.xcassets; sourceTree = "<group>"; };
		1069FFD0205795BE00E11F52 /* Base */ = {isa = PBXFileReference; lastKnownFileType = file.storyboard; name = Base; path = Base.lproj/LaunchScreen.storyboard; sourceTree = "<group>"; };
		1069FFD2205795BE00E11F52 /* Info.plist */ = {isa = PBXFileReference; lastKnownFileType = text.plist.xml; path = Info.plist; sourceTree = "<group>"; };
		1069FFD3205795BE00E11F52 /* main.m */ = {isa = PBXFileReference; lastKnownFileType = sourcecode.c.objc; path = main.m; sourceTree = "<group>"; };
		1069FFD9205795BE00E11F52 /* 云渠道Tests.xctest */ = {isa = PBXFileReference; explicitFileType = wrapper.cfbundle; includeInIndex = 0; path = "云渠道Tests.xctest"; sourceTree = BUILT_PRODUCTS_DIR; };
		1069FFDD205795BE00E11F52 /* ___Tests.m */ = {isa = PBXFileReference; lastKnownFileType = sourcecode.c.objc; path = "___Tests.m"; sourceTree = "<group>"; };
		1069FFDF205795BE00E11F52 /* Info.plist */ = {isa = PBXFileReference; lastKnownFileType = text.plist.xml; path = Info.plist; sourceTree = "<group>"; };
		1069FFE4205795BE00E11F52 /* 云渠道UITests.xctest */ = {isa = PBXFileReference; explicitFileType = wrapper.cfbundle; includeInIndex = 0; path = "云渠道UITests.xctest"; sourceTree = BUILT_PRODUCTS_DIR; };
		1069FFE8205795BE00E11F52 /* ___UITests.m */ = {isa = PBXFileReference; lastKnownFileType = sourcecode.c.objc; path = "___UITests.m"; sourceTree = "<group>"; };
		1069FFEA205795BE00E11F52 /* Info.plist */ = {isa = PBXFileReference; lastKnownFileType = text.plist.xml; path = Info.plist; sourceTree = "<group>"; };
		1069FFF72057974100E11F52 /* BaseViewController.m */ = {isa = PBXFileReference; fileEncoding = 4; lastKnownFileType = sourcecode.c.objc; path = BaseViewController.m; sourceTree = "<group>"; };
		1069FFF82057974100E11F52 /* BaseViewController.h */ = {isa = PBXFileReference; fileEncoding = 4; lastKnownFileType = sourcecode.c.h; path = BaseViewController.h; sourceTree = "<group>"; };
		1069FFFD2057974100E11F52 /* CYLTabBarControllerConfig.h */ = {isa = PBXFileReference; fileEncoding = 4; lastKnownFileType = sourcecode.c.h; path = CYLTabBarControllerConfig.h; sourceTree = "<group>"; };
		1069FFFE2057974100E11F52 /* CYLTabBarControllerConfig.m */ = {isa = PBXFileReference; fileEncoding = 4; lastKnownFileType = sourcecode.c.objc; path = CYLTabBarControllerConfig.m; sourceTree = "<group>"; };
		10B2CAA3205A0D0900E814AC /* RegisterVC.m */ = {isa = PBXFileReference; fileEncoding = 4; lastKnownFileType = sourcecode.c.objc; path = RegisterVC.m; sourceTree = "<group>"; };
		10B2CAA4205A0D0900E814AC /* RegisterVC.h */ = {isa = PBXFileReference; fileEncoding = 4; lastKnownFileType = sourcecode.c.h; path = RegisterVC.h; sourceTree = "<group>"; };
		10B2CAA6205A0D1300E814AC /* FindPassWordVC.m */ = {isa = PBXFileReference; fileEncoding = 4; lastKnownFileType = sourcecode.c.objc; path = FindPassWordVC.m; sourceTree = "<group>"; };
		10B2CAA7205A0D1300E814AC /* FindPassWordVC.h */ = {isa = PBXFileReference; fileEncoding = 4; lastKnownFileType = sourcecode.c.h; path = FindPassWordVC.h; sourceTree = "<group>"; };
		10B2CAAA205A1DFA00E814AC /* WorkingCell.h */ = {isa = PBXFileReference; lastKnownFileType = sourcecode.c.h; path = WorkingCell.h; sourceTree = "<group>"; };
		10B2CAAB205A1DFA00E814AC /* WorkingCell.m */ = {isa = PBXFileReference; lastKnownFileType = sourcecode.c.objc; path = WorkingCell.m; sourceTree = "<group>"; };
		10B2CAAE205A76FC00E814AC /* MineCell.h */ = {isa = PBXFileReference; lastKnownFileType = sourcecode.c.h; path = MineCell.h; sourceTree = "<group>"; };
		10B2CAAF205A76FC00E814AC /* MineCell.m */ = {isa = PBXFileReference; lastKnownFileType = sourcecode.c.objc; path = MineCell.m; sourceTree = "<group>"; };
		B040976ECCBAE7E833CAD51A /* Pods-云渠道.debug.xcconfig */ = {isa = PBXFileReference; includeInIndex = 1; lastKnownFileType = text.xcconfig; name = "Pods-云渠道.debug.xcconfig"; path = "Pods/Target Support Files/Pods-云渠道/Pods-云渠道.debug.xcconfig"; sourceTree = "<group>"; };
		B4E233417D126BDD0E0282A9 /* Pods-云渠道.release.xcconfig */ = {isa = PBXFileReference; includeInIndex = 1; lastKnownFileType = text.xcconfig; name = "Pods-云渠道.release.xcconfig"; path = "Pods/Target Support Files/Pods-云渠道/Pods-云渠道.release.xcconfig"; sourceTree = "<group>"; };
		F9F61246EF35319F3323AE5C /* libPods-云渠道.a */ = {isa = PBXFileReference; explicitFileType = archive.ar; includeInIndex = 0; path = "libPods-云渠道.a"; sourceTree = BUILT_PRODUCTS_DIR; };
/* End PBXFileReference section */

/* Begin PBXFrameworksBuildPhase section */
		1069FFBE205795BD00E11F52 /* Frameworks */ = {
			isa = PBXFrameworksBuildPhase;
			buildActionMask = 2147483647;
			files = (
				BF3D5C8D28ABC2D033EBFE3F /* libPods-云渠道.a in Frameworks */,
			);
			runOnlyForDeploymentPostprocessing = 0;
		};
		1069FFD6205795BE00E11F52 /* Frameworks */ = {
			isa = PBXFrameworksBuildPhase;
			buildActionMask = 2147483647;
			files = (
			);
			runOnlyForDeploymentPostprocessing = 0;
		};
		1069FFE1205795BE00E11F52 /* Frameworks */ = {
			isa = PBXFrameworksBuildPhase;
			buildActionMask = 2147483647;
			files = (
			);
			runOnlyForDeploymentPostprocessing = 0;
		};
/* End PBXFrameworksBuildPhase section */

/* Begin PBXGroup section */
		0C07BFCD2060E7DC007F31EC /* view */ = {
			isa = PBXGroup;
			children = (
				0C07BFCE2060E7EE007F31EC /* CustomerTableCell.h */,
				0C07BFCF2060E7EE007F31EC /* CustomerTableCell.m */,
			);
			path = view;
			sourceTree = "<group>";
		};
		0C07BFD52060FB01007F31EC /* model */ = {
			isa = PBXGroup;
			children = (
				0C07BFD62060FB1C007F31EC /* CustomerTableModel.h */,
				0C07BFD72060FB1C007F31EC /* CustomerTableModel.m */,
			);
			path = model;
			sourceTree = "<group>";
		};
		0C07C04A20610B4D007F31EC /* MMComboBox */ = {
			isa = PBXGroup;
			children = (
				0C07C04B20610B4D007F31EC /* Classes */,
				0C07C08420610B4D007F31EC /* Assetses */,
			);
			path = MMComboBox;
			sourceTree = "<group>";
		};
		0C07C04B20610B4D007F31EC /* Classes */ = {
			isa = PBXGroup;
			children = (
				0C07C04C20610B4D007F31EC /* MMModel */,
				0C07C06120610B4D007F31EC /* MMView */,
				0C07C07C20610B4D007F31EC /* MMHeader */,
				0C07C07F20610B4D007F31EC /* MMCategory */,
			);
			path = Classes;
			sourceTree = "<group>";
		};
		0C07C04C20610B4D007F31EC /* MMModel */ = {
			isa = PBXGroup;
			children = (
				0C07C04D20610B4D007F31EC /* SelectedPath */,
				0C07C05020610B4D007F31EC /* Item */,
			);
			path = MMModel;
			sourceTree = "<group>";
		};
		0C07C04D20610B4D007F31EC /* SelectedPath */ = {
			isa = PBXGroup;
			children = (
				0C07C04E20610B4D007F31EC /* MMSelectedPath.h */,
				0C07C04F20610B4D007F31EC /* MMSelectedPath.m */,
			);
			path = SelectedPath;
			sourceTree = "<group>";
		};
		0C07C05020610B4D007F31EC /* Item */ = {
			isa = PBXGroup;
			children = (
				0C07C05120610B4D007F31EC /* SingleFitlerItem */,
				0C07C05420610B4D007F31EC /* BaseItem */,
				0C07C05720610B4D007F31EC /* CombinationItem */,
				0C07C05E20610B4D007F31EC /* MultFitlerItem */,
			);
			path = Item;
			sourceTree = "<group>";
		};
		0C07C05120610B4D007F31EC /* SingleFitlerItem */ = {
			isa = PBXGroup;
			children = (
				0C07C05220610B4D007F31EC /* MMSingleItem.m */,
				0C07C05320610B4D007F31EC /* MMSingleItem.h */,
			);
			path = SingleFitlerItem;
			sourceTree = "<group>";
		};
		0C07C05420610B4D007F31EC /* BaseItem */ = {
			isa = PBXGroup;
			children = (
				0C07C05520610B4D007F31EC /* MMItem.m */,
				0C07C05620610B4D007F31EC /* MMItem.h */,
			);
			path = BaseItem;
			sourceTree = "<group>";
		};
		0C07C05720610B4D007F31EC /* CombinationItem */ = {
			isa = PBXGroup;
			children = (
				0C07C05820610B4D007F31EC /* MMCombinationItem.m */,
				0C07C05920610B4D007F31EC /* MMAlternativeItem.h */,
				0C07C05A20610B4D007F31EC /* MMLayout.h */,
				0C07C05B20610B4D007F31EC /* MMCombinationItem.h */,
				0C07C05C20610B4D007F31EC /* MMLayout.m */,
				0C07C05D20610B4D007F31EC /* MMAlternativeItem.m */,
			);
			path = CombinationItem;
			sourceTree = "<group>";
		};
		0C07C05E20610B4D007F31EC /* MultFitlerItem */ = {
			isa = PBXGroup;
			children = (
				0C07C05F20610B4D007F31EC /* MMMultiItem.m */,
				0C07C06020610B4D007F31EC /* MMMultiItem.h */,
			);
			path = MultFitlerItem;
			sourceTree = "<group>";
		};
		0C07C06120610B4D007F31EC /* MMView */ = {
			isa = PBXGroup;
			children = (
				0C07C06220610B4D007F31EC /* PopupView */,
				0C07C07720610B4D007F31EC /* ComBoBoxView */,
			);
			path = MMView;
			sourceTree = "<group>";
		};
		0C07C06220610B4D007F31EC /* PopupView */ = {
			isa = PBXGroup;
			children = (
				0C07C06320610B4D007F31EC /* SingleFitlerView */,
				0C07C06620610B4D007F31EC /* CombinationFitlerView */,
				0C07C06D20610B4D007F31EC /* MultFitlerView */,
				0C07C07420610B4D007F31EC /* BasePopupView */,
			);
			path = PopupView;
			sourceTree = "<group>";
		};
		0C07C06320610B4D007F31EC /* SingleFitlerView */ = {
			isa = PBXGroup;
			children = (
				0C07C06420610B4D007F31EC /* MMSingleFitlerView.h */,
				0C07C06520610B4D007F31EC /* MMSingleFitlerView.m */,
			);
			path = SingleFitlerView;
			sourceTree = "<group>";
		};
		0C07C06620610B4D007F31EC /* CombinationFitlerView */ = {
			isa = PBXGroup;
			children = (
				0C07C06720610B4D007F31EC /* MMCombineCell.m */,
				0C07C06820610B4D007F31EC /* MMHeaderView.h */,
				0C07C06920610B4D007F31EC /* MMCombinationFitlerView.h */,
				0C07C06A20610B4D007F31EC /* MMCombineCell.h */,
				0C07C06B20610B4D007F31EC /* MMHeaderView.m */,
				0C07C06C20610B4D007F31EC /* MMCombinationFitlerView.m */,
			);
			path = CombinationFitlerView;
			sourceTree = "<group>";
		};
		0C07C06D20610B4D007F31EC /* MultFitlerView */ = {
			isa = PBXGroup;
			children = (
				0C07C06E20610B4D007F31EC /* MMMultiFitlerView.h */,
				0C07C06F20610B4D007F31EC /* MMNormalCell.m */,
				0C07C07020610B4D007F31EC /* MMLeftCell.m */,
				0C07C07120610B4D007F31EC /* MMNormalCell.h */,
				0C07C07220610B4D007F31EC /* MMMultiFitlerView.m */,
				0C07C07320610B4D007F31EC /* MMLeftCell.h */,
			);
			path = MultFitlerView;
			sourceTree = "<group>";
		};
		0C07C07420610B4D007F31EC /* BasePopupView */ = {
			isa = PBXGroup;
			children = (
				0C07C07520610B4D007F31EC /* MMBasePopupView.m */,
				0C07C07620610B4D007F31EC /* MMBasePopupView.h */,
			);
			path = BasePopupView;
			sourceTree = "<group>";
		};
		0C07C07720610B4D007F31EC /* ComBoBoxView */ = {
			isa = PBXGroup;
			children = (
				0C07C07820610B4D007F31EC /* MMDropDownBox.m */,
				0C07C07920610B4D007F31EC /* MMComBoBoxView.h */,
				0C07C07A20610B4D007F31EC /* MMDropDownBox.h */,
				0C07C07B20610B4D007F31EC /* MMComBoBoxView.m */,
			);
			path = ComBoBoxView;
			sourceTree = "<group>";
		};
		0C07C07C20610B4D007F31EC /* MMHeader */ = {
			isa = PBXGroup;
			children = (
				0C07C07D20610B4D007F31EC /* MMComboBox.h */,
				0C07C07E20610B4D007F31EC /* MMComboBoxHeader.h */,
			);
			path = MMHeader;
			sourceTree = "<group>";
		};
		0C07C07F20610B4D007F31EC /* MMCategory */ = {
			isa = PBXGroup;
			children = (
				0C07C08020610B4D007F31EC /* UIView+ComboBoxExtension.m */,
				0C07C08120610B4D007F31EC /* UIColor+ComboBoxExtension.h */,
				0C07C08220610B4D007F31EC /* UIView+ComboBoxExtension.h */,
				0C07C08320610B4D007F31EC /* UIColor+ComboBoxExtension.m */,
			);
			path = MMCategory;
			sourceTree = "<group>";
		};
		0C07C08420610B4D007F31EC /* Assetses */ = {
			isa = PBXGroup;
			children = (
				0C07C08520610B4D007F31EC /* pulldown.png */,
				0C07C08620610B4D007F31EC /* list_selected@2x.png */,
				0C07C08720610B4D007F31EC /* pullup.png */,
			);
			path = Assetses;
			sourceTree = "<group>";
		};
		102DF9682057A0A200E1859C /* 登录注册 */ = {
			isa = PBXGroup;
			children = (
				10B2CAA1205A0CAC00E814AC /* 找回密码 */,
				10B2CAA2205A0CAC00E814AC /* 注册 */,
				102DF97A2057A20100E1859C /* LoginVC.h */,
				102DF97B2057A20100E1859C /* LoginVC.m */,
			);
			path = "登录注册";
			sourceTree = "<group>";
		};
		102DF9692057A0A200E1859C /* 消息 */ = {
			isa = PBXGroup;
			children = (
				102DF96E2057A12B00E1859C /* MessageVC.h */,
				102DF96F2057A12B00E1859C /* MessageVC.m */,
			);
			path = "消息";
			sourceTree = "<group>";
		};
		102DF96A2057A0A200E1859C /* 房源 */ = {
			isa = PBXGroup;
			children = (
				105E18882060E1970031558D /* view */,
				102DF9742057A1AE00E1859C /* RoomVC.h */,
				102DF9752057A1AE00E1859C /* RoomVC.m */,
				105E189C206234E90031558D /* 房源详情 */,
			);
			path = "房源";
			sourceTree = "<group>";
		};
		102DF96B2057A0A200E1859C /* 客源 */ = {
			isa = PBXGroup;
			children = (
				0C07BFD52060FB01007F31EC /* model */,
				0C07BFCD2060E7DC007F31EC /* view */,
				102DF9772057A1DD00E1859C /* CustomerVC.h */,
				102DF9782057A1DD00E1859C /* CustomerVC.m */,
			);
			path = "客源";
			sourceTree = "<group>";
		};
		102DF96C2057A0A200E1859C /* 工作 */ = {
			isa = PBXGroup;
			children = (
				10B2CAA9205A1DD800E814AC /* view */,
				102DF9712057A14300E1859C /* WorkingVC.h */,
				102DF9722057A14300E1859C /* WorkingVC.m */,
			);
			path = "工作";
			sourceTree = "<group>";
		};
		102DF96D2057A0A200E1859C /* 我的 */ = {
			isa = PBXGroup;
			children = (
				10B2CAAD205A76E000E814AC /* cell */,
				102DF97D2057A21300E1859C /* MineVC.h */,
				102DF97E2057A21300E1859C /* MineVC.m */,
			);
			path = "我的";
			sourceTree = "<group>";
		};
		105E18882060E1970031558D /* view */ = {
			isa = PBXGroup;
			children = (
				105E18892060E1F50031558D /* CompanyCell.h */,
				105E188A2060E1F50031558D /* CompanyCell.m */,
				105E188C2060E21C0031558D /* PeopleCell.h */,
				105E188D2060E21C0031558D /* PeopleCell.m */,
			);
			path = view;
			sourceTree = "<group>";
		};
		105E18952060EAD70031558D /* 自定义标签 */ = {
			isa = PBXGroup;
			children = (
				105E18962060EE710031558D /* TagView.h */,
				105E18972060EE710031558D /* TagView.m */,
				105E189920622C870031558D /* singleviewCell.h */,
				105E189A20622C870031558D /* singleviewCell.m */,
			);
			path = "自定义标签";
			sourceTree = "<group>";
		};
		105E189C206234E90031558D /* 房源详情 */ = {
			isa = PBXGroup;
			children = (
				105E189D206235690031558D /* RoomDetailVC.h */,
				105E189E206235690031558D /* RoomDetailVC.m */,
			);
			path = "房源详情";
			sourceTree = "<group>";
		};
		106900012057974200E11F52 /* UserModel */ = {
			isa = PBXGroup;
			children = (
				0C07BFC02060D835007F31EC /* UserModel.h */,
				0C07BFC12060D835007F31EC /* UserModel.m */,
				0C07BFC32060D88C007F31EC /* UserModelArchiver.h */,
				0C07BFC42060D88C007F31EC /* UserModelArchiver.m */,
			);
			path = UserModel;
			sourceTree = "<group>";
		};
		106900022057974200E11F52 /* Framework */ = {
			isa = PBXGroup;
			children = (
			);
			path = Framework;
			sourceTree = "<group>";
		};
		106900032057974200E11F52 /* 第三方SDK */ = {
			isa = PBXGroup;
			children = (
				0C07C04A20610B4D007F31EC /* MMComboBox */,
				106900042057974200E11F52 /* CYLTabBarController */,
			);
			path = "第三方SDK";
			sourceTree = "<group>";
		};
		106900042057974200E11F52 /* CYLTabBarController */ = {
			isa = PBXGroup;
			children = (
				106900052057974200E11F52 /* CYLPlusButton.h */,
				106900062057974200E11F52 /* CYLTabBar.h */,
				106900072057974200E11F52 /* CYLTabBarController.m */,
				106900082057974200E11F52 /* UIViewController+CYLTabBarControllerExtention.h */,
				106900092057974200E11F52 /* CYLTabBar.m */,
				1069000A2057974200E11F52 /* CYLPlusButton.m */,
				1069000B2057974200E11F52 /* UIViewController+CYLTabBarControllerExtention.m */,
				1069000C2057974200E11F52 /* CYLTabBarController.h */,
			);
			path = CYLTabBarController;
			sourceTree = "<group>";
		};
		1069FFB8205795BD00E11F52 = {
			isa = PBXGroup;
			children = (
				1069FFC3205795BD00E11F52 /* 云渠道 */,
				1069FFDC205795BE00E11F52 /* 云渠道Tests */,
				1069FFE7205795BE00E11F52 /* 云渠道UITests */,
				1069FFC2205795BD00E11F52 /* Products */,
				9522EA06D4B6F011CAABA556 /* Pods */,
				588A381E570994FF347F095F /* Frameworks */,
			);
			sourceTree = "<group>";
		};
		1069FFC2205795BD00E11F52 /* Products */ = {
			isa = PBXGroup;
			children = (
				1069FFC1205795BD00E11F52 /* 云渠道.app */,
				1069FFD9205795BE00E11F52 /* 云渠道Tests.xctest */,
				1069FFE4205795BE00E11F52 /* 云渠道UITests.xctest */,
			);
			name = Products;
			sourceTree = "<group>";
		};
		1069FFC3205795BD00E11F52 /* 云渠道 */ = {
			isa = PBXGroup;
			children = (
				0C07BFBF2060AC26007F31EC /* 云渠道.entitlements */,
				106900032057974200E11F52 /* 第三方SDK */,
				1069FFFB2057974100E11F52 /* 自定义SDK */,
				1069FFF62057974100E11F52 /* BaseClass */,
				106900022057974200E11F52 /* Framework */,
				1069FFF92057974100E11F52 /* Moudel */,
				1069FFFA2057974100E11F52 /* Other */,
				1069FFFF2057974200E11F52 /* Resource */,
				106900012057974200E11F52 /* UserModel */,
				1069FFC4205795BE00E11F52 /* AppDelegate.h */,
				1069FFC5205795BE00E11F52 /* AppDelegate.m */,
				1069FFC7205795BE00E11F52 /* ViewController.h */,
				1069FFC8205795BE00E11F52 /* ViewController.m */,
				1069FFCA205795BE00E11F52 /* Main.storyboard */,
				1069FFCD205795BE00E11F52 /* Assets.xcassets */,
				1069FFCF205795BE00E11F52 /* LaunchScreen.storyboard */,
				1069FFD2205795BE00E11F52 /* Info.plist */,
				1069FFD3205795BE00E11F52 /* main.m */,
			);
			path = "云渠道";
			sourceTree = "<group>";
		};
		1069FFDC205795BE00E11F52 /* 云渠道Tests */ = {
			isa = PBXGroup;
			children = (
				1069FFDD205795BE00E11F52 /* ___Tests.m */,
				1069FFDF205795BE00E11F52 /* Info.plist */,
			);
			path = "云渠道Tests";
			sourceTree = "<group>";
		};
		1069FFE7205795BE00E11F52 /* 云渠道UITests */ = {
			isa = PBXGroup;
			children = (
				1069FFE8205795BE00E11F52 /* ___UITests.m */,
				1069FFEA205795BE00E11F52 /* Info.plist */,
			);
			path = "云渠道UITests";
			sourceTree = "<group>";
		};
		1069FFF62057974100E11F52 /* BaseClass */ = {
			isa = PBXGroup;
			children = (
				1069FFF72057974100E11F52 /* BaseViewController.m */,
				1069FFF82057974100E11F52 /* BaseViewController.h */,
			);
			path = BaseClass;
			sourceTree = "<group>";
		};
		1069FFF92057974100E11F52 /* Moudel */ = {
			isa = PBXGroup;
			children = (
				102DF9692057A0A200E1859C /* 消息 */,
				102DF96C2057A0A200E1859C /* 工作 */,
				102DF96A2057A0A200E1859C /* 房源 */,
				102DF96B2057A0A200E1859C /* 客源 */,
				102DF9682057A0A200E1859C /* 登录注册 */,
				102DF96D2057A0A200E1859C /* 我的 */,
			);
			path = Moudel;
			sourceTree = "<group>";
		};
		1069FFFA2057974100E11F52 /* Other */ = {
			isa = PBXGroup;
			children = (
				0C07BFC92060D94C007F31EC /* BaseRequest.h */,
				0C07BFCA2060D94C007F31EC /* BaseRequest.m */,
			);
			path = Other;
			sourceTree = "<group>";
		};
		1069FFFB2057974100E11F52 /* 自定义SDK */ = {
			isa = PBXGroup;
			children = (
				105E18952060EAD70031558D /* 自定义标签 */,
				1069FFFC2057974100E11F52 /* RootTabBar */,
			);
			path = "自定义SDK";
			sourceTree = "<group>";
		};
		1069FFFC2057974100E11F52 /* RootTabBar */ = {
			isa = PBXGroup;
			children = (
				1069FFFD2057974100E11F52 /* CYLTabBarControllerConfig.h */,
				1069FFFE2057974100E11F52 /* CYLTabBarControllerConfig.m */,
			);
			path = RootTabBar;
			sourceTree = "<group>";
		};
		1069FFFF2057974200E11F52 /* Resource */ = {
			isa = PBXGroup;
			children = (
				106900002057974200E11F52 /* PrefixHeader.h */,
			);
			path = Resource;
			sourceTree = "<group>";
		};
		10B2CAA1205A0CAC00E814AC /* 找回密码 */ = {
			isa = PBXGroup;
			children = (
				10B2CAA7205A0D1300E814AC /* FindPassWordVC.h */,
				10B2CAA6205A0D1300E814AC /* FindPassWordVC.m */,
			);
			path = "找回密码";
			sourceTree = "<group>";
		};
		10B2CAA2205A0CAC00E814AC /* 注册 */ = {
			isa = PBXGroup;
			children = (
				10B2CAA4205A0D0900E814AC /* RegisterVC.h */,
				10B2CAA3205A0D0900E814AC /* RegisterVC.m */,
			);
			path = "注册";
			sourceTree = "<group>";
		};
		10B2CAA9205A1DD800E814AC /* view */ = {
			isa = PBXGroup;
			children = (
				10B2CAAA205A1DFA00E814AC /* WorkingCell.h */,
				10B2CAAB205A1DFA00E814AC /* WorkingCell.m */,
			);
			path = view;
			sourceTree = "<group>";
		};
		10B2CAAD205A76E000E814AC /* cell */ = {
			isa = PBXGroup;
			children = (
				10B2CAAE205A76FC00E814AC /* MineCell.h */,
				10B2CAAF205A76FC00E814AC /* MineCell.m */,
			);
			path = cell;
			sourceTree = "<group>";
		};
		588A381E570994FF347F095F /* Frameworks */ = {
			isa = PBXGroup;
			children = (
				F9F61246EF35319F3323AE5C /* libPods-云渠道.a */,
			);
			name = Frameworks;
			sourceTree = "<group>";
		};
		9522EA06D4B6F011CAABA556 /* Pods */ = {
			isa = PBXGroup;
			children = (
				B040976ECCBAE7E833CAD51A /* Pods-云渠道.debug.xcconfig */,
				B4E233417D126BDD0E0282A9 /* Pods-云渠道.release.xcconfig */,
			);
			name = Pods;
			sourceTree = "<group>";
		};
/* End PBXGroup section */

/* Begin PBXNativeTarget section */
		1069FFC0205795BD00E11F52 /* 云渠道 */ = {
			isa = PBXNativeTarget;
			buildConfigurationList = 1069FFED205795BE00E11F52 /* Build configuration list for PBXNativeTarget "云渠道" */;
			buildPhases = (
				2912E0244BC7828025078B56 /* [CP] Check Pods Manifest.lock */,
				1069FFBD205795BD00E11F52 /* Sources */,
				1069FFBE205795BD00E11F52 /* Frameworks */,
				1069FFBF205795BD00E11F52 /* Resources */,
				8F1498B55573ABEBD674595C /* [CP] Embed Pods Frameworks */,
				68734C06A775A57CB87D50F1 /* [CP] Copy Pods Resources */,
			);
			buildRules = (
			);
			dependencies = (
			);
			name = "云渠道";
			productName = "云渠道";
			productReference = 1069FFC1205795BD00E11F52 /* 云渠道.app */;
			productType = "com.apple.product-type.application";
		};
		1069FFD8205795BE00E11F52 /* 云渠道Tests */ = {
			isa = PBXNativeTarget;
			buildConfigurationList = 1069FFF0205795BE00E11F52 /* Build configuration list for PBXNativeTarget "云渠道Tests" */;
			buildPhases = (
				1069FFD5205795BE00E11F52 /* Sources */,
				1069FFD6205795BE00E11F52 /* Frameworks */,
				1069FFD7205795BE00E11F52 /* Resources */,
			);
			buildRules = (
			);
			dependencies = (
				1069FFDB205795BE00E11F52 /* PBXTargetDependency */,
			);
			name = "云渠道Tests";
			productName = "云渠道Tests";
			productReference = 1069FFD9205795BE00E11F52 /* 云渠道Tests.xctest */;
			productType = "com.apple.product-type.bundle.unit-test";
		};
		1069FFE3205795BE00E11F52 /* 云渠道UITests */ = {
			isa = PBXNativeTarget;
			buildConfigurationList = 1069FFF3205795BE00E11F52 /* Build configuration list for PBXNativeTarget "云渠道UITests" */;
			buildPhases = (
				1069FFE0205795BE00E11F52 /* Sources */,
				1069FFE1205795BE00E11F52 /* Frameworks */,
				1069FFE2205795BE00E11F52 /* Resources */,
			);
			buildRules = (
			);
			dependencies = (
				1069FFE6205795BE00E11F52 /* PBXTargetDependency */,
			);
			name = "云渠道UITests";
			productName = "云渠道UITests";
			productReference = 1069FFE4205795BE00E11F52 /* 云渠道UITests.xctest */;
			productType = "com.apple.product-type.bundle.ui-testing";
		};
/* End PBXNativeTarget section */

/* Begin PBXProject section */
		1069FFB9205795BD00E11F52 /* Project object */ = {
			isa = PBXProject;
			attributes = {
				LastUpgradeCheck = 0920;
				ORGANIZATIONNAME = xiaoq;
				TargetAttributes = {
					1069FFC0205795BD00E11F52 = {
						CreatedOnToolsVersion = 9.2;
						ProvisioningStyle = Automatic;
						SystemCapabilities = {
							com.apple.Push = {
								enabled = 1;
							};
						};
					};
					1069FFD8205795BE00E11F52 = {
						CreatedOnToolsVersion = 9.2;
						ProvisioningStyle = Automatic;
						TestTargetID = 1069FFC0205795BD00E11F52;
					};
					1069FFE3205795BE00E11F52 = {
						CreatedOnToolsVersion = 9.2;
						ProvisioningStyle = Automatic;
						TestTargetID = 1069FFC0205795BD00E11F52;
					};
				};
			};
			buildConfigurationList = 1069FFBC205795BD00E11F52 /* Build configuration list for PBXProject "云渠道" */;
			compatibilityVersion = "Xcode 8.0";
			developmentRegion = en;
			hasScannedForEncodings = 0;
			knownRegions = (
				en,
				Base,
			);
			mainGroup = 1069FFB8205795BD00E11F52;
			productRefGroup = 1069FFC2205795BD00E11F52 /* Products */;
			projectDirPath = "";
			projectRoot = "";
			targets = (
				1069FFC0205795BD00E11F52 /* 云渠道 */,
				1069FFD8205795BE00E11F52 /* 云渠道Tests */,
				1069FFE3205795BE00E11F52 /* 云渠道UITests */,
			);
		};
/* End PBXProject section */

/* Begin PBXResourcesBuildPhase section */
		1069FFBF205795BD00E11F52 /* Resources */ = {
			isa = PBXResourcesBuildPhase;
			buildActionMask = 2147483647;
			files = (
				0C07C09C20610B4D007F31EC /* list_selected@2x.png in Resources */,
				0C07C09D20610B4D007F31EC /* pullup.png in Resources */,
				0C07C09B20610B4D007F31EC /* pulldown.png in Resources */,
				1069FFD1205795BE00E11F52 /* LaunchScreen.storyboard in Resources */,
				1069FFCE205795BE00E11F52 /* Assets.xcassets in Resources */,
				1069FFCC205795BE00E11F52 /* Main.storyboard in Resources */,
			);
			runOnlyForDeploymentPostprocessing = 0;
		};
		1069FFD7205795BE00E11F52 /* Resources */ = {
			isa = PBXResourcesBuildPhase;
			buildActionMask = 2147483647;
			files = (
			);
			runOnlyForDeploymentPostprocessing = 0;
		};
		1069FFE2205795BE00E11F52 /* Resources */ = {
			isa = PBXResourcesBuildPhase;
			buildActionMask = 2147483647;
			files = (
			);
			runOnlyForDeploymentPostprocessing = 0;
		};
/* End PBXResourcesBuildPhase section */

/* Begin PBXShellScriptBuildPhase section */
		2912E0244BC7828025078B56 /* [CP] Check Pods Manifest.lock */ = {
			isa = PBXShellScriptBuildPhase;
			buildActionMask = 2147483647;
			files = (
			);
			inputPaths = (
				"${PODS_PODFILE_DIR_PATH}/Podfile.lock",
				"${PODS_ROOT}/Manifest.lock",
			);
			name = "[CP] Check Pods Manifest.lock";
			outputPaths = (
				"$(DERIVED_FILE_DIR)/Pods-云渠道-checkManifestLockResult.txt",
			);
			runOnlyForDeploymentPostprocessing = 0;
			shellPath = /bin/sh;
			shellScript = "diff \"${PODS_PODFILE_DIR_PATH}/Podfile.lock\" \"${PODS_ROOT}/Manifest.lock\" > /dev/null\nif [ $? != 0 ] ; then\n    # print error to STDERR\n    echo \"error: The sandbox is not in sync with the Podfile.lock. Run 'pod install' or update your CocoaPods installation.\" >&2\n    exit 1\nfi\n# This output is used by Xcode 'outputs' to avoid re-running this script phase.\necho \"SUCCESS\" > \"${SCRIPT_OUTPUT_FILE_0}\"\n";
			showEnvVarsInLog = 0;
		};
		68734C06A775A57CB87D50F1 /* [CP] Copy Pods Resources */ = {
			isa = PBXShellScriptBuildPhase;
			buildActionMask = 2147483647;
			files = (
			);
			inputPaths = (
				"${SRCROOT}/Pods/Target Support Files/Pods-云渠道/Pods-云渠道-resources.sh",
				"${PODS_ROOT}/IQKeyboardManager/IQKeyboardManager/Resources/IQKeyboardManager.bundle",
				"${PODS_ROOT}/MJRefresh/MJRefresh/MJRefresh.bundle",
				"${PODS_ROOT}/UMCShare/UMShare/UMSocialSDKPlugin/UMSocialSDKPromptResources.bundle",
				"${PODS_ROOT}/UMCShare/UMShare/UMSocialUI/UMSocialSDKResources.bundle",
			);
			name = "[CP] Copy Pods Resources";
			outputPaths = (
				"${TARGET_BUILD_DIR}/${UNLOCALIZED_RESOURCES_FOLDER_PATH}",
			);
			runOnlyForDeploymentPostprocessing = 0;
			shellPath = /bin/sh;
			shellScript = "\"${SRCROOT}/Pods/Target Support Files/Pods-云渠道/Pods-云渠道-resources.sh\"\n";
			showEnvVarsInLog = 0;
		};
		8F1498B55573ABEBD674595C /* [CP] Embed Pods Frameworks */ = {
			isa = PBXShellScriptBuildPhase;
			buildActionMask = 2147483647;
			files = (
			);
			inputPaths = (
			);
			name = "[CP] Embed Pods Frameworks";
			outputPaths = (
			);
			runOnlyForDeploymentPostprocessing = 0;
			shellPath = /bin/sh;
			shellScript = "\"${SRCROOT}/Pods/Target Support Files/Pods-云渠道/Pods-云渠道-frameworks.sh\"\n";
			showEnvVarsInLog = 0;
		};
/* End PBXShellScriptBuildPhase section */

/* Begin PBXSourcesBuildPhase section */
		1069FFBD205795BD00E11F52 /* Sources */ = {
			isa = PBXSourcesBuildPhase;
			buildActionMask = 2147483647;
			files = (
				0C07C08920610B4D007F31EC /* MMSingleItem.m in Sources */,
				0C07BFC52060D88C007F31EC /* UserModelArchiver.m in Sources */,
				10B2CAA5205A0D0900E814AC /* RegisterVC.m in Sources */,
				106900102057974200E11F52 /* CYLTabBar.m in Sources */,
				105E189B20622C870031558D /* singleviewCell.m in Sources */,
				0C07C09320610B4D007F31EC /* MMNormalCell.m in Sources */,
				0C07C08D20610B4D007F31EC /* MMAlternativeItem.m in Sources */,
				0C07C09020610B4D007F31EC /* MMCombineCell.m in Sources */,
				0C07BFC22060D835007F31EC /* UserModel.m in Sources */,
				105E188E2060E21C0031558D /* PeopleCell.m in Sources */,
				10B2CAA8205A0D1300E814AC /* FindPassWordVC.m in Sources */,
				106900122057974200E11F52 /* UIViewController+CYLTabBarControllerExtention.m in Sources */,
				102DF9702057A12B00E1859C /* MessageVC.m in Sources */,
				10B2CAAC205A1DFA00E814AC /* WorkingCell.m in Sources */,
				102DF97F2057A21300E1859C /* MineVC.m in Sources */,
				0C07C08C20610B4D007F31EC /* MMLayout.m in Sources */,
				0C07C08F20610B4D007F31EC /* MMSingleFitlerView.m in Sources */,
				0C07C09920610B4D007F31EC /* UIView+ComboBoxExtension.m in Sources */,
				0C07C08B20610B4D007F31EC /* MMCombinationItem.m in Sources */,
				0C07C09820610B4D007F31EC /* MMComBoBoxView.m in Sources */,
				0C07C09620610B4D007F31EC /* MMBasePopupView.m in Sources */,
				1069FFC9205795BE00E11F52 /* ViewController.m in Sources */,
				0C07C09720610B4D007F31EC /* MMDropDownBox.m in Sources */,
				0C07BFD82060FB1C007F31EC /* CustomerTableModel.m in Sources */,
				0C07C09120610B4D007F31EC /* MMHeaderView.m in Sources */,
				0C07C09A20610B4D007F31EC /* UIColor+ComboBoxExtension.m in Sources */,
				0C07C08A20610B4D007F31EC /* MMItem.m in Sources */,
				102DF9732057A14300E1859C /* WorkingVC.m in Sources */,
				105E188B2060E1F50031558D /* CompanyCell.m in Sources */,
				106900112057974200E11F52 /* CYLPlusButton.m in Sources */,
				1069000D2057974200E11F52 /* BaseViewController.m in Sources */,
				0C07C08E20610B4D007F31EC /* MMMultiItem.m in Sources */,
				0C07C09220610B4D007F31EC /* MMCombinationFitlerView.m in Sources */,
				1069000F2057974200E11F52 /* CYLTabBarController.m in Sources */,
				105E189F206235690031558D /* RoomDetailVC.m in Sources */,
				0C07BFCB2060D94C007F31EC /* BaseRequest.m in Sources */,
				0C07C09420610B4D007F31EC /* MMLeftCell.m in Sources */,
				1069FFD4205795BE00E11F52 /* main.m in Sources */,
				102DF9792057A1DD00E1859C /* CustomerVC.m in Sources */,
				102DF9762057A1AE00E1859C /* RoomVC.m in Sources */,
				0C07C08820610B4D007F31EC /* MMSelectedPath.m in Sources */,
				1069FFC6205795BE00E11F52 /* AppDelegate.m in Sources */,
				105E18982060EE710031558D /* TagView.m in Sources */,
				102DF97C2057A20100E1859C /* LoginVC.m in Sources */,
				10B2CAB0205A76FC00E814AC /* MineCell.m in Sources */,
				1069000E2057974200E11F52 /* CYLTabBarControllerConfig.m in Sources */,
				0C07C09520610B4D007F31EC /* MMMultiFitlerView.m in Sources */,
				0C07BFD02060E7EE007F31EC /* CustomerTableCell.m in Sources */,
			);
			runOnlyForDeploymentPostprocessing = 0;
		};
		1069FFD5205795BE00E11F52 /* Sources */ = {
			isa = PBXSourcesBuildPhase;
			buildActionMask = 2147483647;
			files = (
				1069FFDE205795BE00E11F52 /* ___Tests.m in Sources */,
			);
			runOnlyForDeploymentPostprocessing = 0;
		};
		1069FFE0205795BE00E11F52 /* Sources */ = {
			isa = PBXSourcesBuildPhase;
			buildActionMask = 2147483647;
			files = (
				1069FFE9205795BE00E11F52 /* ___UITests.m in Sources */,
			);
			runOnlyForDeploymentPostprocessing = 0;
		};
/* End PBXSourcesBuildPhase section */

/* Begin PBXTargetDependency section */
		1069FFDB205795BE00E11F52 /* PBXTargetDependency */ = {
			isa = PBXTargetDependency;
			target = 1069FFC0205795BD00E11F52 /* 云渠道 */;
			targetProxy = 1069FFDA205795BE00E11F52 /* PBXContainerItemProxy */;
		};
		1069FFE6205795BE00E11F52 /* PBXTargetDependency */ = {
			isa = PBXTargetDependency;
			target = 1069FFC0205795BD00E11F52 /* 云渠道 */;
			targetProxy = 1069FFE5205795BE00E11F52 /* PBXContainerItemProxy */;
		};
/* End PBXTargetDependency section */

/* Begin PBXVariantGroup section */
		1069FFCA205795BE00E11F52 /* Main.storyboard */ = {
			isa = PBXVariantGroup;
			children = (
				1069FFCB205795BE00E11F52 /* Base */,
			);
			name = Main.storyboard;
			sourceTree = "<group>";
		};
		1069FFCF205795BE00E11F52 /* LaunchScreen.storyboard */ = {
			isa = PBXVariantGroup;
			children = (
				1069FFD0205795BE00E11F52 /* Base */,
			);
			name = LaunchScreen.storyboard;
			sourceTree = "<group>";
		};
/* End PBXVariantGroup section */

/* Begin XCBuildConfiguration section */
		1069FFEB205795BE00E11F52 /* Debug */ = {
			isa = XCBuildConfiguration;
			buildSettings = {
				ALWAYS_SEARCH_USER_PATHS = NO;
				CLANG_ANALYZER_NONNULL = YES;
				CLANG_ANALYZER_NUMBER_OBJECT_CONVERSION = YES_AGGRESSIVE;
				CLANG_CXX_LANGUAGE_STANDARD = "gnu++14";
				CLANG_CXX_LIBRARY = "libc++";
				CLANG_ENABLE_MODULES = YES;
				CLANG_ENABLE_OBJC_ARC = YES;
				CLANG_WARN_BLOCK_CAPTURE_AUTORELEASING = YES;
				CLANG_WARN_BOOL_CONVERSION = YES;
				CLANG_WARN_COMMA = YES;
				CLANG_WARN_CONSTANT_CONVERSION = YES;
				CLANG_WARN_DIRECT_OBJC_ISA_USAGE = YES_ERROR;
				CLANG_WARN_DOCUMENTATION_COMMENTS = YES;
				CLANG_WARN_EMPTY_BODY = YES;
				CLANG_WARN_ENUM_CONVERSION = YES;
				CLANG_WARN_INFINITE_RECURSION = YES;
				CLANG_WARN_INT_CONVERSION = YES;
				CLANG_WARN_NON_LITERAL_NULL_CONVERSION = YES;
				CLANG_WARN_OBJC_LITERAL_CONVERSION = YES;
				CLANG_WARN_OBJC_ROOT_CLASS = YES_ERROR;
				CLANG_WARN_RANGE_LOOP_ANALYSIS = YES;
				CLANG_WARN_STRICT_PROTOTYPES = YES;
				CLANG_WARN_SUSPICIOUS_MOVE = YES;
				CLANG_WARN_UNGUARDED_AVAILABILITY = YES_AGGRESSIVE;
				CLANG_WARN_UNREACHABLE_CODE = YES;
				CLANG_WARN__DUPLICATE_METHOD_MATCH = YES;
				CODE_SIGN_IDENTITY = "iPhone Developer";
				COPY_PHASE_STRIP = NO;
				DEBUG_INFORMATION_FORMAT = dwarf;
				ENABLE_STRICT_OBJC_MSGSEND = YES;
				ENABLE_TESTABILITY = YES;
				GCC_C_LANGUAGE_STANDARD = gnu11;
				GCC_DYNAMIC_NO_PIC = NO;
				GCC_NO_COMMON_BLOCKS = YES;
				GCC_OPTIMIZATION_LEVEL = 0;
				GCC_PREPROCESSOR_DEFINITIONS = (
					"DEBUG=1",
					"$(inherited)",
				);
				GCC_WARN_64_TO_32_BIT_CONVERSION = YES;
				GCC_WARN_ABOUT_RETURN_TYPE = YES_ERROR;
				GCC_WARN_UNDECLARED_SELECTOR = YES;
				GCC_WARN_UNINITIALIZED_AUTOS = YES_AGGRESSIVE;
				GCC_WARN_UNUSED_FUNCTION = YES;
				GCC_WARN_UNUSED_VARIABLE = YES;
				IPHONEOS_DEPLOYMENT_TARGET = 9.0;
				MTL_ENABLE_DEBUG_INFO = YES;
				ONLY_ACTIVE_ARCH = YES;
				SDKROOT = iphoneos;
			};
			name = Debug;
		};
		1069FFEC205795BE00E11F52 /* Release */ = {
			isa = XCBuildConfiguration;
			buildSettings = {
				ALWAYS_SEARCH_USER_PATHS = NO;
				CLANG_ANALYZER_NONNULL = YES;
				CLANG_ANALYZER_NUMBER_OBJECT_CONVERSION = YES_AGGRESSIVE;
				CLANG_CXX_LANGUAGE_STANDARD = "gnu++14";
				CLANG_CXX_LIBRARY = "libc++";
				CLANG_ENABLE_MODULES = YES;
				CLANG_ENABLE_OBJC_ARC = YES;
				CLANG_WARN_BLOCK_CAPTURE_AUTORELEASING = YES;
				CLANG_WARN_BOOL_CONVERSION = YES;
				CLANG_WARN_COMMA = YES;
				CLANG_WARN_CONSTANT_CONVERSION = YES;
				CLANG_WARN_DIRECT_OBJC_ISA_USAGE = YES_ERROR;
				CLANG_WARN_DOCUMENTATION_COMMENTS = YES;
				CLANG_WARN_EMPTY_BODY = YES;
				CLANG_WARN_ENUM_CONVERSION = YES;
				CLANG_WARN_INFINITE_RECURSION = YES;
				CLANG_WARN_INT_CONVERSION = YES;
				CLANG_WARN_NON_LITERAL_NULL_CONVERSION = YES;
				CLANG_WARN_OBJC_LITERAL_CONVERSION = YES;
				CLANG_WARN_OBJC_ROOT_CLASS = YES_ERROR;
				CLANG_WARN_RANGE_LOOP_ANALYSIS = YES;
				CLANG_WARN_STRICT_PROTOTYPES = YES;
				CLANG_WARN_SUSPICIOUS_MOVE = YES;
				CLANG_WARN_UNGUARDED_AVAILABILITY = YES_AGGRESSIVE;
				CLANG_WARN_UNREACHABLE_CODE = YES;
				CLANG_WARN__DUPLICATE_METHOD_MATCH = YES;
				CODE_SIGN_IDENTITY = "iPhone Developer";
				COPY_PHASE_STRIP = NO;
				DEBUG_INFORMATION_FORMAT = "dwarf-with-dsym";
				ENABLE_NS_ASSERTIONS = NO;
				ENABLE_STRICT_OBJC_MSGSEND = YES;
				GCC_C_LANGUAGE_STANDARD = gnu11;
				GCC_NO_COMMON_BLOCKS = YES;
				GCC_WARN_64_TO_32_BIT_CONVERSION = YES;
				GCC_WARN_ABOUT_RETURN_TYPE = YES_ERROR;
				GCC_WARN_UNDECLARED_SELECTOR = YES;
				GCC_WARN_UNINITIALIZED_AUTOS = YES_AGGRESSIVE;
				GCC_WARN_UNUSED_FUNCTION = YES;
				GCC_WARN_UNUSED_VARIABLE = YES;
				IPHONEOS_DEPLOYMENT_TARGET = 9.0;
				MTL_ENABLE_DEBUG_INFO = NO;
				SDKROOT = iphoneos;
				VALIDATE_PRODUCT = YES;
			};
			name = Release;
		};
		1069FFEE205795BE00E11F52 /* Debug */ = {
			isa = XCBuildConfiguration;
			baseConfigurationReference = B040976ECCBAE7E833CAD51A /* Pods-云渠道.debug.xcconfig */;
			buildSettings = {
				ASSETCATALOG_COMPILER_APPICON_NAME = AppIcon;
				CODE_SIGN_ENTITLEMENTS = "云渠道/云渠道.entitlements";
				CODE_SIGN_STYLE = Automatic;
				DEVELOPMENT_TEAM = 73DTNFMD65;
				GCC_PREFIX_HEADER = "$(SRCROOT)/云渠道/Resource/PrefixHeader.h";
				INFOPLIST_FILE = "云渠道/Info.plist";
				IPHONEOS_DEPLOYMENT_TARGET = 9.0;
				LD_RUNPATH_SEARCH_PATHS = "$(inherited) @executable_path/Frameworks";
				PRODUCT_BUNDLE_IDENTIFIER = com.yskj.yunqudao;
				PRODUCT_NAME = "$(TARGET_NAME)";
				TARGETED_DEVICE_FAMILY = 1;
			};
			name = Debug;
		};
		1069FFEF205795BE00E11F52 /* Release */ = {
			isa = XCBuildConfiguration;
			baseConfigurationReference = B4E233417D126BDD0E0282A9 /* Pods-云渠道.release.xcconfig */;
			buildSettings = {
				ASSETCATALOG_COMPILER_APPICON_NAME = AppIcon;
				CODE_SIGN_ENTITLEMENTS = "云渠道/云渠道.entitlements";
				CODE_SIGN_STYLE = Automatic;
				DEVELOPMENT_TEAM = 73DTNFMD65;
				GCC_PREFIX_HEADER = "$(SRCROOT)/云渠道/Resource/PrefixHeader.h";
				INFOPLIST_FILE = "云渠道/Info.plist";
				IPHONEOS_DEPLOYMENT_TARGET = 9.0;
				LD_RUNPATH_SEARCH_PATHS = "$(inherited) @executable_path/Frameworks";
				PRODUCT_BUNDLE_IDENTIFIER = com.yskj.yunqudao;
				PRODUCT_NAME = "$(TARGET_NAME)";
				TARGETED_DEVICE_FAMILY = 1;
			};
			name = Release;
		};
		1069FFF1205795BE00E11F52 /* Debug */ = {
			isa = XCBuildConfiguration;
			buildSettings = {
				BUNDLE_LOADER = "$(TEST_HOST)";
				CODE_SIGN_STYLE = Automatic;
				DEVELOPMENT_TEAM = 73DTNFMD65;
				INFOPLIST_FILE = "云渠道Tests/Info.plist";
				LD_RUNPATH_SEARCH_PATHS = "$(inherited) @executable_path/Frameworks @loader_path/Frameworks";
				PRODUCT_BUNDLE_IDENTIFIER = "com.---Tests";
				PRODUCT_NAME = "$(TARGET_NAME)";
				TARGETED_DEVICE_FAMILY = "1,2";
				TEST_HOST = "$(BUILT_PRODUCTS_DIR)/云渠道.app/云渠道";
			};
			name = Debug;
		};
		1069FFF2205795BE00E11F52 /* Release */ = {
			isa = XCBuildConfiguration;
			buildSettings = {
				BUNDLE_LOADER = "$(TEST_HOST)";
				CODE_SIGN_STYLE = Automatic;
				DEVELOPMENT_TEAM = 73DTNFMD65;
				INFOPLIST_FILE = "云渠道Tests/Info.plist";
				LD_RUNPATH_SEARCH_PATHS = "$(inherited) @executable_path/Frameworks @loader_path/Frameworks";
				PRODUCT_BUNDLE_IDENTIFIER = "com.---Tests";
				PRODUCT_NAME = "$(TARGET_NAME)";
				TARGETED_DEVICE_FAMILY = "1,2";
				TEST_HOST = "$(BUILT_PRODUCTS_DIR)/云渠道.app/云渠道";
			};
			name = Release;
		};
		1069FFF4205795BE00E11F52 /* Debug */ = {
			isa = XCBuildConfiguration;
			buildSettings = {
				CODE_SIGN_STYLE = Automatic;
				DEVELOPMENT_TEAM = 73DTNFMD65;
				INFOPLIST_FILE = "云渠道UITests/Info.plist";
				LD_RUNPATH_SEARCH_PATHS = "$(inherited) @executable_path/Frameworks @loader_path/Frameworks";
				PRODUCT_BUNDLE_IDENTIFIER = "com.---UITests";
				PRODUCT_NAME = "$(TARGET_NAME)";
				TARGETED_DEVICE_FAMILY = "1,2";
				TEST_TARGET_NAME = "云渠道";
			};
			name = Debug;
		};
		1069FFF5205795BE00E11F52 /* Release */ = {
			isa = XCBuildConfiguration;
			buildSettings = {
				CODE_SIGN_STYLE = Automatic;
				DEVELOPMENT_TEAM = 73DTNFMD65;
				INFOPLIST_FILE = "云渠道UITests/Info.plist";
				LD_RUNPATH_SEARCH_PATHS = "$(inherited) @executable_path/Frameworks @loader_path/Frameworks";
				PRODUCT_BUNDLE_IDENTIFIER = "com.---UITests";
				PRODUCT_NAME = "$(TARGET_NAME)";
				TARGETED_DEVICE_FAMILY = "1,2";
				TEST_TARGET_NAME = "云渠道";
			};
			name = Release;
		};
/* End XCBuildConfiguration section */

/* Begin XCConfigurationList section */
		1069FFBC205795BD00E11F52 /* Build configuration list for PBXProject "云渠道" */ = {
			isa = XCConfigurationList;
			buildConfigurations = (
				1069FFEB205795BE00E11F52 /* Debug */,
				1069FFEC205795BE00E11F52 /* Release */,
			);
			defaultConfigurationIsVisible = 0;
			defaultConfigurationName = Release;
		};
		1069FFED205795BE00E11F52 /* Build configuration list for PBXNativeTarget "云渠道" */ = {
			isa = XCConfigurationList;
			buildConfigurations = (
				1069FFEE205795BE00E11F52 /* Debug */,
				1069FFEF205795BE00E11F52 /* Release */,
			);
			defaultConfigurationIsVisible = 0;
			defaultConfigurationName = Release;
		};
		1069FFF0205795BE00E11F52 /* Build configuration list for PBXNativeTarget "云渠道Tests" */ = {
			isa = XCConfigurationList;
			buildConfigurations = (
				1069FFF1205795BE00E11F52 /* Debug */,
				1069FFF2205795BE00E11F52 /* Release */,
			);
			defaultConfigurationIsVisible = 0;
			defaultConfigurationName = Release;
		};
		1069FFF3205795BE00E11F52 /* Build configuration list for PBXNativeTarget "云渠道UITests" */ = {
			isa = XCConfigurationList;
			buildConfigurations = (
				1069FFF4205795BE00E11F52 /* Debug */,
				1069FFF5205795BE00E11F52 /* Release */,
			);
			defaultConfigurationIsVisible = 0;
			defaultConfigurationName = Release;
		};
/* End XCConfigurationList section */
	};
	rootObject = 1069FFB9205795BD00E11F52 /* Project object */;
}
